
Microsoft Visual Studio Solution File, Format Version 12.00
# Visual Studio Version 16
VisualStudioVersion = 16.0.30320.27
MinimumVisualStudioVersion = 10.0.40219.1
Project("{8BC9CEB8-8B4A-11D0-8D11-00A0C91BC942}") = "Game", "Game\Game.vcxproj", "{6A86BBFB-05FC-46AF-B669-FBF3C02F559E}"
EndProject
Project("{8BC9CEB8-8B4A-11D0-8D11-00A0C91BC942}") = "Engine", "Engine\Engine.vcxproj", "{5A46B75A-7BD4-4B4C-A59D-31B753E5EEA7}"
EndProject
Global
	GlobalSection(SolutionConfigurationPlatforms) = preSolution
		Debug|x64 = Debug|x64
		Debug|x86 = Debug|x86
		Release|x64 = Release|x64
		Release|x86 = Release|x86
	EndGlobalSection
	GlobalSection(ProjectConfigurationPlatforms) = postSolution
		{6A86BBFB-05FC-46AF-B669-FBF3C02F559E}.Debug|x64.ActiveCfg = Debug|x64
		{6A86BBFB-05FC-46AF-B669-FBF3C02F559E}.Debug|x64.Build.0 = Debug|x64
		{6A86BBFB-05FC-46AF-B669-FBF3C02F559E}.Debug|x86.ActiveCfg = Debug|Win32
		{6A86BBFB-05FC-46AF-B669-FBF3C02F559E}.Debug|x86.Build.0 = Debug|Win32
		{6A86BBFB-05FC-46AF-B669-FBF3C02F559E}.Release|x64.ActiveCfg = Release|x64
		{6A86BBFB-05FC-46AF-B669-FBF3C02F559E}.Release|x64.Build.0 = Release|x64
		{6A86BBFB-05FC-46AF-B669-FBF3C02F559E}.Release|x86.ActiveCfg = Release|Win32
		{6A86BBFB-05FC-46AF-B669-FBF3C02F559E}.Release|x86.Build.0 = Release|Win32
		{5A46B75A-7BD4-4B4C-A59D-31B753E5EEA7}.Debug|x64.ActiveCfg = Debug|x64
		{5A46B75A-7BD4-4B4C-A59D-31B753E5EEA7}.Debug|x64.Build.0 = Debug|x64
		{5A46B75A-7BD4-4B4C-A59D-31B753E5EEA7}.Debug|x86.ActiveCfg = Debug|Win32
		{5A46B75A-7BD4-4B4C-A59D-31B753E5EEA7}.Debug|x86.Build.0 = Debug|Win32
		{5A46B75A-7BD4-4B4C-A59D-31B753E5EEA7}.Release|x64.ActiveCfg = Release|x64
		{5A46B75A-7BD4-4B4C-A59D-31B753E5EEA7}.Release|x64.Build.0 = Release|x64
		{5A46B75A-7BD4-4B4C-A59D-31B753E5EEA7}.Release|x86.ActiveCfg = Release|Win32
		{5A46B75A-7BD4-4B4C-A59D-31B753E5EEA7}.Release|x86.Build.0 = Release|Win32
	EndGlobalSection
	GlobalSection(SolutionProperties) = preSolution
		HideSolutionNode = FALSE
	EndGlobalSection
	GlobalSection(ExtensibilityGlobals) = postSolution
		SolutionGuid = {839330E1-DE58-4CD1-8FA1-0D7C289F820B}
	EndGlobalSection
EndGlobal
